
Microsoft Visual Studio Solution File, Format Version 12.00
# Visual Studio Version 16
VisualStudioVersion = 16.0.32126.315
MinimumVisualStudioVersion = 10.0.40219.1
Project("{FAE04EC0-301F-11D3-BF4B-00C04F79EFBC}") = "SubeLA", "SubeLA\SubeLA.csproj", "{BB68FAD6-FF67-4165-AC9A-DC74FDB81C65}"
EndProject
Global
	GlobalSection(SolutionConfigurationPlatforms) = preSolution
		Debug|Any CPU = Debug|Any CPU
		Release|Any CPU = Release|Any CPU
	EndGlobalSection
	GlobalSection(ProjectConfigurationPlatforms) = postSolution
		{BB68FAD6-FF67-4165-AC9A-DC74FDB81C65}.Debug|Any CPU.ActiveCfg = Debug|Any CPU
		{BB68FAD6-FF67-4165-AC9A-DC74FDB81C65}.Debug|Any CPU.Build.0 = Debug|Any CPU
		{BB68FAD6-FF67-4165-AC9A-DC74FDB81C65}.Release|Any CPU.ActiveCfg = Release|Any CPU
		{BB68FAD6-FF67-4165-AC9A-DC74FDB81C65}.Release|Any CPU.Build.0 = Release|Any CPU
	EndGlobalSection
	GlobalSection(SolutionProperties) = preSolution
		HideSolutionNode = FALSE
	EndGlobalSection
	GlobalSection(ExtensibilityGlobals) = postSolution
		SolutionGuid = {2F84552B-EB60-493E-A7E1-600A33C15F58}
	EndGlobalSection
EndGlobal
